
Microsoft Visual Studio Solution File, Format Version 12.00
# Visual Studio Version 16
VisualStudioVersion = 16.0.29009.5
MinimumVisualStudioVersion = 10.0.40219.1
Project("{151D2E53-A2C4-4D7D-83FE-D05416EBD58E}") = "AzureResourceGroup3", "AzureResourceGroup3.deployproj", "{08122CAD-50B3-4BF9-821B-DDE307022DC4}"
EndProject
Project("{FAE04EC0-301F-11D3-BF4B-00C04F79EFBC}") = "WebApplication2", "..\WebApplication2\WebApplication2.csproj", "{8596F655-AAB4-40DC-B087-C65E891243B5}"
EndProject
Global
	GlobalSection(SolutionConfigurationPlatforms) = preSolution
		Debug|Any CPU = Debug|Any CPU
		Release|Any CPU = Release|Any CPU
	EndGlobalSection
	GlobalSection(ProjectConfigurationPlatforms) = postSolution
		{08122CAD-50B3-4BF9-821B-DDE307022DC4}.Debug|Any CPU.ActiveCfg = Debug|Any CPU
		{08122CAD-50B3-4BF9-821B-DDE307022DC4}.Debug|Any CPU.Build.0 = Debug|Any CPU
		{08122CAD-50B3-4BF9-821B-DDE307022DC4}.Release|Any CPU.ActiveCfg = Release|Any CPU
		{08122CAD-50B3-4BF9-821B-DDE307022DC4}.Release|Any CPU.Build.0 = Release|Any CPU
		{8596F655-AAB4-40DC-B087-C65E891243B5}.Debug|Any CPU.ActiveCfg = Debug|Any CPU
		{8596F655-AAB4-40DC-B087-C65E891243B5}.Debug|Any CPU.Build.0 = Debug|Any CPU
		{8596F655-AAB4-40DC-B087-C65E891243B5}.Release|Any CPU.ActiveCfg = Release|Any CPU
		{8596F655-AAB4-40DC-B087-C65E891243B5}.Release|Any CPU.Build.0 = Release|Any CPU
	EndGlobalSection
	GlobalSection(SolutionProperties) = preSolution
		HideSolutionNode = FALSE
	EndGlobalSection
	GlobalSection(ExtensibilityGlobals) = postSolution
		SolutionGuid = {09ECAF05-FBC5-4305-A11B-8546D3BD8BFF}
	EndGlobalSection
EndGlobal
